<?xml version="1.0" encoding="utf-8"?>
<Project ToolsVersion="4.0" xmlns="http://schemas.microsoft.com/developer/msbuild/2003">
  <ItemGroup>
    <Filter Include="Source Files">
      <UniqueIdentifier>{4FC737F1-C7A5-4376-A066-2A32D752A2FF}</UniqueIdentifier>
      <Extensions>cpp;c;cc;cxx;c++;cppm;ixx;def;odl;idl;hpj;bat;asm;asmx</Extensions>
    </Filter>
    <Filter Include="Header Files">
      <UniqueIdentifier>{93995380-89BD-4b04-88EB-625FBE52EBFB}</UniqueIdentifier>
      <Extensions>h;hh;hpp;hxx;h++;hm;inl;inc;ipp;xsd</Extensions>
    </Filter>
    <Filter Include="Resource Files">
      <UniqueIdentifier>{67DA6AB6-F800-4c08-8B7A-83BB121AAD01}</UniqueIdentifier>
      <Extensions>rc;ico;cur;bmp;dlg;rc2;rct;bin;rgs;gif;jpg;jpeg;jpe;resx;tiff;tif;png;wav;mfcribbon-ms</Extensions>
    </Filter>
    <Filter Include="Source Files\Shader">
      <UniqueIdentifier>{49cedbdd-c6fe-44f1-aefd-6a322eef7207}</UniqueIdentifier>
    </Filter>
  </ItemGroup>
  <ItemGroup>
    <ClInclude Include="crc32_hash.hpp">
      <Filter>Header Files</Filter>
    </ClInclude>
    <ClInclude Include="ShaderManager.h">
      <Filter>Header Files</Filter>
    </ClInclude>
    <ClInclude Include="resource.h">
      <Filter>Header Files</Filter>
    </ClInclude>
    <ClInclude Include="CDataFile.h">
      <Filter>Header Files</Filter>
    </ClInclude>
    <ClInclude Include="stdafx.h">
      <Filter>Header Files</Filter>
    </ClInclude>
    <ClInclude Include="ToggleGroup.h">
      <Filter>Header Files</Filter>
    </ClInclude>
    <ClInclude Include="AddonUIData.h">
      <Filter>Header Files</Filter>
    </ClInclude>
    <ClInclude Include="AddonUIDisplay.h">
      <Filter>Header Files</Filter>
    </ClInclude>
    <ClInclude Include="AddonUIConstants.h">
      <Filter>Header Files</Filter>
    </ClInclude>
    <ClInclude Include="KeyData.h">
      <Filter>Header Files</Filter>
    </ClInclude>
    <ClInclude Include="ConstantCopyMemcpy.h">
      <Filter>Header Files</Filter>
    </ClInclude>
    <ClInclude Include="ConstantHandlerBase.h">
      <Filter>Header Files</Filter>
    </ClInclude>
    <ClInclude Include="ConstantCopyBase.h">
      <Filter>Header Files</Filter>
    </ClInclude>
    <ClInclude Include="PipelinePrivateData.h">
      <Filter>Header Files</Filter>
    </ClInclude>
    <ClInclude Include="ConstantCopyDefinitions.h">
      <Filter>Header Files</Filter>
    </ClInclude>
    <ClInclude Include="ConstantCopyFFXIV.h">
      <Filter>Header Files</Filter>
    </ClInclude>
    <ClInclude Include="ConstantManager.h">
      <Filter>Header Files</Filter>
    </ClInclude>
    <ClInclude Include="RenderingManager.h">
      <Filter>Header Files</Filter>
    </ClInclude>
    <ClInclude Include="ResourceManager.h">
      <Filter>Header Files</Filter>
    </ClInclude>
    <ClInclude Include="ConstantCopyNierReplicant.h">
      <Filter>Header Files</Filter>
    </ClInclude>
    <ClInclude Include="ConstantCopyMemcpySingular.h">
      <Filter>Header Files</Filter>
    </ClInclude>
    <ClInclude Include="ConstantCopyMemcpyNested.h">
      <Filter>Header Files</Filter>
    </ClInclude>
    <ClInclude Include="GameHookT.h">
      <Filter>Header Files</Filter>
    </ClInclude>
    <ClInclude Include="ResourceShim.h">
      <Filter>Header Files</Filter>
    </ClInclude>
    <ClInclude Include="ResourceShimFFXIV.h">
      <Filter>Header Files</Filter>
    </ClInclude>
    <ClInclude Include="ResourceShimSRGB.h">
      <Filter>Header Files</Filter>
    </ClInclude>
    <ClInclude Include="AddonUIAbout.h">
      <Filter>Header Files</Filter>
    </ClInclude>
    <ClInclude Include="ConstantCopyGPUReadback.h">
      <Filter>Header Files</Filter>
    </ClInclude>
    <ClInclude Include="DescriptorTracking.h">
      <Filter>Header Files</Filter>
    </ClInclude>
    <ClInclude Include="StateTracking.h">
      <Filter>Header Files</Filter>
    </ClInclude>
    <ClInclude Include="RenderingQueueManager.h">
      <Filter>Header Files</Filter>
    </ClInclude>
    <ClInclude Include="RenderingEffectManager.h">
      <Filter>Header Files</Filter>
    </ClInclude>
    <ClInclude Include="RenderingBindingManager.h">
      <Filter>Header Files</Filter>
    </ClInclude>
    <ClInclude Include="RenderingPreviewManager.h">
      <Filter>Header Files</Filter>
    </ClInclude>
    <ClInclude Include="KeyMonitor.h">
      <Filter>Header Files</Filter>
    </ClInclude>
    <ClInclude Include="RenderingShaderManager.h">
      <Filter>Header Files</Filter>
    </ClInclude>
    <ClInclude Include="TechniqueManager.h">
      <Filter>Header Files</Filter>
    </ClInclude>
    <ClInclude Include="ToggleGroupResourceManager.h">
      <Filter>Header Files</Filter>
    </ClInclude>
    <ClInclude Include="EffectData.h">
      <Filter>Header Files</Filter>
    </ClInclude>
    <ClInclude Include="Util.h">
      <Filter>Header Files</Filter>
    </ClInclude>
    <ClInclude Include="GlobalResourceView.h">
      <Filter>Header Files</Filter>
    </ClInclude>
  </ItemGroup>
  <ItemGroup>
    <ClCompile Include="Main.cpp">
      <Filter>Source Files</Filter>
    </ClCompile>
    <ClCompile Include="ShaderManager.cpp">
      <Filter>Source Files</Filter>
    </ClCompile>
    <ClCompile Include="CDataFile.cpp">
      <Filter>Source Files</Filter>
    </ClCompile>
    <ClCompile Include="ToggleGroup.cpp">
      <Filter>Source Files</Filter>
    </ClCompile>
    <ClCompile Include="AddonUIData.cpp">
      <Filter>Source Files</Filter>
    </ClCompile>
    <ClCompile Include="ConstantCopyMemcpy.cpp">
      <Filter>Source Files</Filter>
    </ClCompile>
    <ClCompile Include="ConstantHandlerBase.cpp">
      <Filter>Source Files</Filter>
    </ClCompile>
    <ClCompile Include="ConstantCopyBase.cpp">
      <Filter>Source Files</Filter>
    </ClCompile>
    <ClCompile Include="ConstantCopyFFXIV.cpp">
      <Filter>Source Files</Filter>
    </ClCompile>
    <ClCompile Include="ConstantManager.cpp">
      <Filter>Source Files</Filter>
    </ClCompile>
    <ClCompile Include="RenderingManager.cpp">
      <Filter>Source Files</Filter>
    </ClCompile>
    <ClCompile Include="ResourceManager.cpp">
      <Filter>Source Files</Filter>
    </ClCompile>
    <ClCompile Include="ConstantCopyNierReplicant.cpp">
      <Filter>Source Files</Filter>
    </ClCompile>
    <ClCompile Include="ConstantCopyMemcpySingular.cpp">
      <Filter>Source Files</Filter>
    </ClCompile>
    <ClCompile Include="ConstantCopyMemcpyNested.cpp">
      <Filter>Source Files</Filter>
    </ClCompile>
    <ClCompile Include="GameHookT.cpp">
      <Filter>Source Files</Filter>
    </ClCompile>
    <ClCompile Include="ResourceShimFFXIV.cpp">
      <Filter>Source Files</Filter>
    </ClCompile>
    <ClCompile Include="ResourceShimSRGB.cpp">
      <Filter>Source Files</Filter>
    </ClCompile>
    <ClCompile Include="ConstantCopyGPUReadback.cpp">
      <Filter>Source Files</Filter>
    </ClCompile>
    <ClCompile Include="DescriptorTracking.cpp">
      <Filter>Source Files</Filter>
    </ClCompile>
    <ClCompile Include="StateTracking.cpp">
      <Filter>Source Files</Filter>
    </ClCompile>
    <ClCompile Include="RenderingQueueManager.cpp">
      <Filter>Source Files</Filter>
    </ClCompile>
    <ClCompile Include="RenderingEffectManager.cpp">
      <Filter>Source Files</Filter>
    </ClCompile>
    <ClCompile Include="RenderingBindingManager.cpp">
      <Filter>Source Files</Filter>
    </ClCompile>
    <ClCompile Include="RenderingPreviewManager.cpp">
      <Filter>Source Files</Filter>
    </ClCompile>
    <ClCompile Include="RenderingShaderManager.cpp">
      <Filter>Source Files</Filter>
    </ClCompile>
    <ClCompile Include="TechniqueManager.cpp">
      <Filter>Source Files</Filter>
    </ClCompile>
    <ClCompile Include="ToggleGroupResourceManager.cpp">
      <Filter>Source Files</Filter>
    </ClCompile>
    <ClCompile Include="GlobalResourceView.cpp">
      <Filter>Source Files</Filter>
    </ClCompile>
  </ItemGroup>
  <ItemGroup>
    <ResourceCompile Include="ShaderToggler.rc">
      <Filter>Resource Files</Filter>
    </ResourceCompile>
  </ItemGroup>
  <ItemGroup>
    <FxCompile Include="shader\fullscreen_vs_4_0.hlsl">
      <Filter>Source Files\Shader</Filter>
    </FxCompile>
    <FxCompile Include="shader\preview_copy_ps_4_0.hlsl">
      <Filter>Source Files\Shader</Filter>
    </FxCompile>
    <FxCompile Include="shader\preview_copy_ps_3_0.hlsl">
      <Filter>Source Files\Shader</Filter>
    </FxCompile>
    <FxCompile Include="shader\fullscreen_vs_3_0.hlsl">
      <Filter>Source Files\Shader</Filter>
    </FxCompile>
  </ItemGroup>
</Project>